
Microsoft Visual Studio Solution File, Format Version 12.00
# Visual Studio Version 16
VisualStudioVersion = 16.0.30907.101
MinimumVisualStudioVersion = 10.0.40219.1
Project("{FAE04EC0-301F-11D3-BF4B-00C04F79EFBC}") = "TamagotchiWebService", "TamagotchiWebService\TamagotchiWebService.csproj", "{EB787EBC-88BB-4B6A-A856-A95303946866}"
EndProject
Project("{FAE04EC0-301F-11D3-BF4B-00C04F79EFBC}") = "TamagotchiBL", "TamagotchiBL\TamagotchiBL.csproj", "{B5A673FD-E7AC-4321-AC76-9E6D085C83F3}"
EndProject
Global
	GlobalSection(SolutionConfigurationPlatforms) = preSolution
		Debug|Any CPU = Debug|Any CPU
		Release|Any CPU = Release|Any CPU
	EndGlobalSection
	GlobalSection(ProjectConfigurationPlatforms) = postSolution
		{EB787EBC-88BB-4B6A-A856-A95303946866}.Debug|Any CPU.ActiveCfg = Debug|Any CPU
		{EB787EBC-88BB-4B6A-A856-A95303946866}.Debug|Any CPU.Build.0 = Debug|Any CPU
		{EB787EBC-88BB-4B6A-A856-A95303946866}.Release|Any CPU.ActiveCfg = Release|Any CPU
		{EB787EBC-88BB-4B6A-A856-A95303946866}.Release|Any CPU.Build.0 = Release|Any CPU
		{B5A673FD-E7AC-4321-AC76-9E6D085C83F3}.Debug|Any CPU.ActiveCfg = Debug|Any CPU
		{B5A673FD-E7AC-4321-AC76-9E6D085C83F3}.Debug|Any CPU.Build.0 = Debug|Any CPU
		{B5A673FD-E7AC-4321-AC76-9E6D085C83F3}.Release|Any CPU.ActiveCfg = Release|Any CPU
		{B5A673FD-E7AC-4321-AC76-9E6D085C83F3}.Release|Any CPU.Build.0 = Release|Any CPU
	EndGlobalSection
	GlobalSection(SolutionProperties) = preSolution
		HideSolutionNode = FALSE
	EndGlobalSection
	GlobalSection(ExtensibilityGlobals) = postSolution
		SolutionGuid = {D4E0B961-02EF-45B7-AF09-C7C970C1FF37}
	EndGlobalSection
EndGlobal
